
Microsoft Visual Studio Solution File, Format Version 12.00
# Visual Studio Version 17
VisualStudioVersion = 17.8.34601.278
MinimumVisualStudioVersion = 10.0.40219.1
Project("{FAE04EC0-301F-11D3-BF4B-00C04F79EFBC}") = "KodlamaIo", "KodlamaIo\KodlamaIo.csproj", "{40161B41-3413-445D-BDDE-27182F5BAADB}"
EndProject
Global
	GlobalSection(SolutionConfigurationPlatforms) = preSolution
		Debug|Any CPU = Debug|Any CPU
		Release|Any CPU = Release|Any CPU
	EndGlobalSection
	GlobalSection(ProjectConfigurationPlatforms) = postSolution
		{40161B41-3413-445D-BDDE-27182F5BAADB}.Debug|Any CPU.ActiveCfg = Debug|Any CPU
		{40161B41-3413-445D-BDDE-27182F5BAADB}.Debug|Any CPU.Build.0 = Debug|Any CPU
		{40161B41-3413-445D-BDDE-27182F5BAADB}.Release|Any CPU.ActiveCfg = Release|Any CPU
		{40161B41-3413-445D-BDDE-27182F5BAADB}.Release|Any CPU.Build.0 = Release|Any CPU
	EndGlobalSection
	GlobalSection(SolutionProperties) = preSolution
		HideSolutionNode = FALSE
	EndGlobalSection
	GlobalSection(ExtensibilityGlobals) = postSolution
		SolutionGuid = {2C05F1C1-0A8B-44EE-97D4-AE3FDBDD7E0C}
	EndGlobalSection
EndGlobal
